// !$*UTF8*$!
{
	archiveVersion = 1;
	classes = {
	};
	objectVersion = 56;
	objects = {

/* Begin PBXBuildFile section */
		821C62BA8452E607626E6736 /* Pods_photoapp.framework in Frameworks */ = {isa = PBXBuildFile; fileRef = 10CA32E5740C2D305D7E4BBE /* Pods_photoapp.framework */; };
		DC86113629C8D0C10030442E /* AppDelegate.swift in Sources */ = {isa = PBXBuildFile; fileRef = DC86113529C8D0C10030442E /* AppDelegate.swift */; };
		DC86113829C8D0C10030442E /* SceneDelegate.swift in Sources */ = {isa = PBXBuildFile; fileRef = DC86113729C8D0C10030442E /* SceneDelegate.swift */; };
		DC86113D29C8D0C10030442E /* Main.storyboard in Resources */ = {isa = PBXBuildFile; fileRef = DC86113B29C8D0C10030442E /* Main.storyboard */; };
		DC86113F29C8D0C20030442E /* Assets.xcassets in Resources */ = {isa = PBXBuildFile; fileRef = DC86113E29C8D0C20030442E /* Assets.xcassets */; };
		DC86114229C8D0C20030442E /* LaunchScreen.storyboard in Resources */ = {isa = PBXBuildFile; fileRef = DC86114029C8D0C20030442E /* LaunchScreen.storyboard */; };
		DC86114A29C8D1BC0030442E /* GoogleService-Info.plist in Resources */ = {isa = PBXBuildFile; fileRef = DC86114929C8D1BC0030442E /* GoogleService-Info.plist */; };
		DC86115229C8D4EE0030442E /* LoginViewController.swift in Sources */ = {isa = PBXBuildFile; fileRef = DC86115129C8D4EE0030442E /* LoginViewController.swift */; };
		DC86115429C8D5640030442E /* CreateProfileViewController.swift in Sources */ = {isa = PBXBuildFile; fileRef = DC86115329C8D5640030442E /* CreateProfileViewController.swift */; };
		DC86115629C8D8A70030442E /* FeedViewController.swift in Sources */ = {isa = PBXBuildFile; fileRef = DC86115529C8D8A70030442E /* FeedViewController.swift */; };
		DC86115829C8D9570030442E /* CameraViewController.swift in Sources */ = {isa = PBXBuildFile; fileRef = DC86115729C8D9570030442E /* CameraViewController.swift */; };
		DC86115A29C8D9670030442E /* SettingsViewController.swift in Sources */ = {isa = PBXBuildFile; fileRef = DC86115929C8D9670030442E /* SettingsViewController.swift */; };
		DC86115C29C8F4AE0030442E /* PhotoUser.swift in Sources */ = {isa = PBXBuildFile; fileRef = DC86115B29C8F4AE0030442E /* PhotoUser.swift */; };
		DC86115E29C8F4E30030442E /* UserService.swift in Sources */ = {isa = PBXBuildFile; fileRef = DC86115D29C8F4E30030442E /* UserService.swift */; };
		DC86116429CA52F30030442E /* Constants.swift in Sources */ = {isa = PBXBuildFile; fileRef = DC86116329CA52F30030442E /* Constants.swift */; };
		DC997B3D29CCBADE005EE4DF /* LocalStorageService.swift in Sources */ = {isa = PBXBuildFile; fileRef = DC997B3C29CCBADE005EE4DF /* LocalStorageService.swift */; };
		DC997B3F29CCC896005EE4DF /* MainTabBarController.swift in Sources */ = {isa = PBXBuildFile; fileRef = DC997B3E29CCC896005EE4DF /* MainTabBarController.swift */; };
		DC997B4129CCD82B005EE4DF /* Photo.swift in Sources */ = {isa = PBXBuildFile; fileRef = DC997B4029CCD82B005EE4DF /* Photo.swift */; };
/* End PBXBuildFile section */

/* Begin PBXFileReference section */
		10CA32E5740C2D305D7E4BBE /* Pods_photoapp.framework */ = {isa = PBXFileReference; explicitFileType = wrapper.framework; includeInIndex = 0; path = Pods_photoapp.framework; sourceTree = BUILT_PRODUCTS_DIR; };
		AD34A6DAEB598302151676EB /* Pods-photoapp.debug.xcconfig */ = {isa = PBXFileReference; includeInIndex = 1; lastKnownFileType = text.xcconfig; name = "Pods-photoapp.debug.xcconfig"; path = "Target Support Files/Pods-photoapp/Pods-photoapp.debug.xcconfig"; sourceTree = "<group>"; };
		DC7144B97D161F7D97861C2E /* Pods-photoapp.release.xcconfig */ = {isa = PBXFileReference; includeInIndex = 1; lastKnownFileType = text.xcconfig; name = "Pods-photoapp.release.xcconfig"; path = "Target Support Files/Pods-photoapp/Pods-photoapp.release.xcconfig"; sourceTree = "<group>"; };
		DC86113229C8D0C10030442E /* photoapp.app */ = {isa = PBXFileReference; explicitFileType = wrapper.application; includeInIndex = 0; path = photoapp.app; sourceTree = BUILT_PRODUCTS_DIR; };
		DC86113529C8D0C10030442E /* AppDelegate.swift */ = {isa = PBXFileReference; lastKnownFileType = sourcecode.swift; path = AppDelegate.swift; sourceTree = "<group>"; };
		DC86113729C8D0C10030442E /* SceneDelegate.swift */ = {isa = PBXFileReference; lastKnownFileType = sourcecode.swift; path = SceneDelegate.swift; sourceTree = "<group>"; };
		DC86113C29C8D0C10030442E /* Base */ = {isa = PBXFileReference; lastKnownFileType = file.storyboard; name = Base; path = Base.lproj/Main.storyboard; sourceTree = "<group>"; };
		DC86113E29C8D0C20030442E /* Assets.xcassets */ = {isa = PBXFileReference; lastKnownFileType = folder.assetcatalog; path = Assets.xcassets; sourceTree = "<group>"; };
		DC86114129C8D0C20030442E /* Base */ = {isa = PBXFileReference; lastKnownFileType = file.storyboard; name = Base; path = Base.lproj/LaunchScreen.storyboard; sourceTree = "<group>"; };
		DC86114329C8D0C20030442E /* Info.plist */ = {isa = PBXFileReference; lastKnownFileType = text.plist.xml; path = Info.plist; sourceTree = "<group>"; };
		DC86114929C8D1BC0030442E /* GoogleService-Info.plist */ = {isa = PBXFileReference; fileEncoding = 4; lastKnownFileType = text.plist.xml; path = "GoogleService-Info.plist"; sourceTree = "<group>"; };
		DC86115129C8D4EE0030442E /* LoginViewController.swift */ = {isa = PBXFileReference; lastKnownFileType = sourcecode.swift; path = LoginViewController.swift; sourceTree = "<group>"; };
		DC86115329C8D5640030442E /* CreateProfileViewController.swift */ = {isa = PBXFileReference; lastKnownFileType = sourcecode.swift; path = CreateProfileViewController.swift; sourceTree = "<group>"; };
		DC86115529C8D8A70030442E /* FeedViewController.swift */ = {isa = PBXFileReference; lastKnownFileType = sourcecode.swift; path = FeedViewController.swift; sourceTree = "<group>"; };
		DC86115729C8D9570030442E /* CameraViewController.swift */ = {isa = PBXFileReference; lastKnownFileType = sourcecode.swift; path = CameraViewController.swift; sourceTree = "<group>"; };
		DC86115929C8D9670030442E /* SettingsViewController.swift */ = {isa = PBXFileReference; lastKnownFileType = sourcecode.swift; path = SettingsViewController.swift; sourceTree = "<group>"; };
		DC86115B29C8F4AE0030442E /* PhotoUser.swift */ = {isa = PBXFileReference; lastKnownFileType = sourcecode.swift; path = PhotoUser.swift; sourceTree = "<group>"; };
		DC86115D29C8F4E30030442E /* UserService.swift */ = {isa = PBXFileReference; lastKnownFileType = sourcecode.swift; path = UserService.swift; sourceTree = "<group>"; };
		DC86116329CA52F30030442E /* Constants.swift */ = {isa = PBXFileReference; lastKnownFileType = sourcecode.swift; name = Constants.swift; path = photoapp/Constants.swift; sourceTree = SOURCE_ROOT; };
		DC997B3C29CCBADE005EE4DF /* LocalStorageService.swift */ = {isa = PBXFileReference; lastKnownFileType = sourcecode.swift; path = LocalStorageService.swift; sourceTree = "<group>"; };
		DC997B3E29CCC896005EE4DF /* MainTabBarController.swift */ = {isa = PBXFileReference; lastKnownFileType = sourcecode.swift; path = MainTabBarController.swift; sourceTree = "<group>"; };
		DC997B4029CCD82B005EE4DF /* Photo.swift */ = {isa = PBXFileReference; lastKnownFileType = sourcecode.swift; path = Photo.swift; sourceTree = "<group>"; };
/* End PBXFileReference section */

/* Begin PBXFrameworksBuildPhase section */
		DC86112F29C8D0C10030442E /* Frameworks */ = {
			isa = PBXFrameworksBuildPhase;
			buildActionMask = 2147483647;
			files = (
				821C62BA8452E607626E6736 /* Pods_photoapp.framework in Frameworks */,
			);
			runOnlyForDeploymentPostprocessing = 0;
		};
/* End PBXFrameworksBuildPhase section */

/* Begin PBXGroup section */
		99468FE0789DC284F0961FA4 /* Pods */ = {
			isa = PBXGroup;
			children = (
				AD34A6DAEB598302151676EB /* Pods-photoapp.debug.xcconfig */,
				DC7144B97D161F7D97861C2E /* Pods-photoapp.release.xcconfig */,
			);
			path = Pods;
			sourceTree = "<group>";
		};
		DC86112929C8D0C10030442E = {
			isa = PBXGroup;
			children = (
				DC86113429C8D0C10030442E /* photoapp */,
				DC86113329C8D0C10030442E /* Products */,
				99468FE0789DC284F0961FA4 /* Pods */,
				E7A941DF37A06793878696EF /* Frameworks */,
			);
			sourceTree = "<group>";
		};
		DC86113329C8D0C10030442E /* Products */ = {
			isa = PBXGroup;
			children = (
				DC86113229C8D0C10030442E /* photoapp.app */,
			);
			name = Products;
			sourceTree = "<group>";
		};
		DC86113429C8D0C10030442E /* photoapp */ = {
			isa = PBXGroup;
			children = (
				DC86113529C8D0C10030442E /* AppDelegate.swift */,
				DC86113729C8D0C10030442E /* SceneDelegate.swift */,
				DC86114B29C8D42C0030442E /* Storyboards */,
				DC86114C29C8D4550030442E /* Services */,
				DC86115029C8D49F0030442E /* ViewControllers */,
				DC86114F29C8D4970030442E /* Models */,
				DC86114E29C8D4830030442E /* Views */,
				DC86114D29C8D47B0030442E /* Helpers */,
				DC86113E29C8D0C20030442E /* Assets.xcassets */,
				DC86114329C8D0C20030442E /* Info.plist */,
				DC86114929C8D1BC0030442E /* GoogleService-Info.plist */,
			);
			path = photoapp;
			sourceTree = "<group>";
		};
		DC86114B29C8D42C0030442E /* Storyboards */ = {
			isa = PBXGroup;
			children = (
				DC86113B29C8D0C10030442E /* Main.storyboard */,
				DC86114029C8D0C20030442E /* LaunchScreen.storyboard */,
			);
			path = Storyboards;
			sourceTree = "<group>";
		};
		DC86114C29C8D4550030442E /* Services */ = {
			isa = PBXGroup;
			children = (
				DC86115D29C8F4E30030442E /* UserService.swift */,
				DC997B3C29CCBADE005EE4DF /* LocalStorageService.swift */,
			);
			path = Services;
			sourceTree = "<group>";
		};
		DC86114D29C8D47B0030442E /* Helpers */ = {
			isa = PBXGroup;
			children = (
				DC86116329CA52F30030442E /* Constants.swift */,
			);
			path = Helpers;
			sourceTree = "<group>";
		};
		DC86114E29C8D4830030442E /* Views */ = {
			isa = PBXGroup;
			children = (
			);
			path = Views;
			sourceTree = "<group>";
		};
		DC86114F29C8D4970030442E /* Models */ = {
			isa = PBXGroup;
			children = (
				DC86115B29C8F4AE0030442E /* PhotoUser.swift */,
				DC997B4029CCD82B005EE4DF /* Photo.swift */,
			);
			path = Models;
			sourceTree = "<group>";
		};
		DC86115029C8D49F0030442E /* ViewControllers */ = {
			isa = PBXGroup;
			children = (
				DC86115129C8D4EE0030442E /* LoginViewController.swift */,
				DC86115329C8D5640030442E /* CreateProfileViewController.swift */,
				DC86115529C8D8A70030442E /* FeedViewController.swift */,
				DC86115729C8D9570030442E /* CameraViewController.swift */,
				DC86115929C8D9670030442E /* SettingsViewController.swift */,
				DC997B3E29CCC896005EE4DF /* MainTabBarController.swift */,
			);
			path = ViewControllers;
			sourceTree = "<group>";
		};
		E7A941DF37A06793878696EF /* Frameworks */ = {
			isa = PBXGroup;
			children = (
				10CA32E5740C2D305D7E4BBE /* Pods_photoapp.framework */,
			);
			name = Frameworks;
			sourceTree = "<group>";
		};
/* End PBXGroup section */

/* Begin PBXNativeTarget section */
		DC86113129C8D0C10030442E /* photoapp */ = {
			isa = PBXNativeTarget;
			buildConfigurationList = DC86114629C8D0C20030442E /* Build configuration list for PBXNativeTarget "photoapp" */;
			buildPhases = (
				A9B76A547EC54E4BE9412EBA /* [CP] Check Pods Manifest.lock */,
				DC86112E29C8D0C10030442E /* Sources */,
				DC86112F29C8D0C10030442E /* Frameworks */,
				DC86113029C8D0C10030442E /* Resources */,
				CD10F0D2409FF678B9B51EB1 /* [CP] Embed Pods Frameworks */,
			);
			buildRules = (
			);
			dependencies = (
			);
			name = photoapp;
			productName = photoapp;
			productReference = DC86113229C8D0C10030442E /* photoapp.app */;
			productType = "com.apple.product-type.application";
		};
/* End PBXNativeTarget section */

/* Begin PBXProject section */
		DC86112A29C8D0C10030442E /* Project object */ = {
			isa = PBXProject;
			attributes = {
				BuildIndependentTargetsInParallel = 1;
				LastSwiftUpdateCheck = 1420;
				LastUpgradeCheck = 1420;
				TargetAttributes = {
					DC86113129C8D0C10030442E = {
						CreatedOnToolsVersion = 14.2;
					};
				};
			};
			buildConfigurationList = DC86112D29C8D0C10030442E /* Build configuration list for PBXProject "photoapp" */;
			compatibilityVersion = "Xcode 14.0";
			developmentRegion = en;
			hasScannedForEncodings = 0;
			knownRegions = (
				en,
				Base,
			);
			mainGroup = DC86112929C8D0C10030442E;
			productRefGroup = DC86113329C8D0C10030442E /* Products */;
			projectDirPath = "";
			projectRoot = "";
			targets = (
				DC86113129C8D0C10030442E /* photoapp */,
			);
		};
/* End PBXProject section */

/* Begin PBXResourcesBuildPhase section */
		DC86113029C8D0C10030442E /* Resources */ = {
			isa = PBXResourcesBuildPhase;
			buildActionMask = 2147483647;
			files = (
				DC86114229C8D0C20030442E /* LaunchScreen.storyboard in Resources */,
				DC86114A29C8D1BC0030442E /* GoogleService-Info.plist in Resources */,
				DC86113F29C8D0C20030442E /* Assets.xcassets in Resources */,
				DC86113D29C8D0C10030442E /* Main.storyboard in Resources */,
			);
			runOnlyForDeploymentPostprocessing = 0;
		};
/* End PBXResourcesBuildPhase section */

/* Begin PBXShellScriptBuildPhase section */
		A9B76A547EC54E4BE9412EBA /* [CP] Check Pods Manifest.lock */ = {
			isa = PBXShellScriptBuildPhase;
			buildActionMask = 2147483647;
			files = (
			);
			inputFileListPaths = (
			);
			inputPaths = (
				"${PODS_PODFILE_DIR_PATH}/Podfile.lock",
				"${PODS_ROOT}/Manifest.lock",
			);
			name = "[CP] Check Pods Manifest.lock";
			outputFileListPaths = (
			);
			outputPaths = (
				"$(DERIVED_FILE_DIR)/Pods-photoapp-checkManifestLockResult.txt",
			);
			runOnlyForDeploymentPostprocessing = 0;
			shellPath = /bin/sh;
			shellScript = "diff \"${PODS_PODFILE_DIR_PATH}/Podfile.lock\" \"${PODS_ROOT}/Manifest.lock\" > /dev/null\nif [ $? != 0 ] ; then\n    # print error to STDERR\n    echo \"error: The sandbox is not in sync with the Podfile.lock. Run 'pod install' or update your CocoaPods installation.\" >&2\n    exit 1\nfi\n# This output is used by Xcode 'outputs' to avoid re-running this script phase.\necho \"SUCCESS\" > \"${SCRIPT_OUTPUT_FILE_0}\"\n";
			showEnvVarsInLog = 0;
		};
		CD10F0D2409FF678B9B51EB1 /* [CP] Embed Pods Frameworks */ = {
			isa = PBXShellScriptBuildPhase;
			buildActionMask = 2147483647;
			files = (
			);
			inputFileListPaths = (
				"${PODS_ROOT}/Target Support Files/Pods-photoapp/Pods-photoapp-frameworks-${CONFIGURATION}-input-files.xcfilelist",
			);
			name = "[CP] Embed Pods Frameworks";
			outputFileListPaths = (
				"${PODS_ROOT}/Target Support Files/Pods-photoapp/Pods-photoapp-frameworks-${CONFIGURATION}-output-files.xcfilelist",
			);
			runOnlyForDeploymentPostprocessing = 0;
			shellPath = /bin/sh;
			shellScript = "\"${PODS_ROOT}/Target Support Files/Pods-photoapp/Pods-photoapp-frameworks.sh\"\n";
			showEnvVarsInLog = 0;
		};
/* End PBXShellScriptBuildPhase section */

/* Begin PBXSourcesBuildPhase section */
		DC86112E29C8D0C10030442E /* Sources */ = {
			isa = PBXSourcesBuildPhase;
			buildActionMask = 2147483647;
			files = (
				DC86115429C8D5640030442E /* CreateProfileViewController.swift in Sources */,
				DC86115229C8D4EE0030442E /* LoginViewController.swift in Sources */,
				DC997B3F29CCC896005EE4DF /* MainTabBarController.swift in Sources */,
				DC86115E29C8F4E30030442E /* UserService.swift in Sources */,
				DC86115A29C8D9670030442E /* SettingsViewController.swift in Sources */,
				DC86115C29C8F4AE0030442E /* PhotoUser.swift in Sources */,
				DC997B4129CCD82B005EE4DF /* Photo.swift in Sources */,
				DC86116429CA52F30030442E /* Constants.swift in Sources */,
				DC86115629C8D8A70030442E /* FeedViewController.swift in Sources */,
				DC86113629C8D0C10030442E /* AppDelegate.swift in Sources */,
				DC86113829C8D0C10030442E /* SceneDelegate.swift in Sources */,
				DC86115829C8D9570030442E /* CameraViewController.swift in Sources */,
				DC997B3D29CCBADE005EE4DF /* LocalStorageService.swift in Sources */,
			);
			runOnlyForDeploymentPostprocessing = 0;
		};
/* End PBXSourcesBuildPhase section */

/* Begin PBXVariantGroup section */
		DC86113B29C8D0C10030442E /* Main.storyboard */ = {
			isa = PBXVariantGroup;
			children = (
				DC86113C29C8D0C10030442E /* Base */,
			);
			name = Main.storyboard;
			sourceTree = "<group>";
		};
		DC86114029C8D0C20030442E /* LaunchScreen.storyboard */ = {
			isa = PBXVariantGroup;
			children = (
				DC86114129C8D0C20030442E /* Base */,
			);
			name = LaunchScreen.storyboard;
			sourceTree = "<group>";
		};
/* End PBXVariantGroup section */

/* Begin XCBuildConfiguration section */
		DC86114429C8D0C20030442E /* Debug */ = {
			isa = XCBuildConfiguration;
			buildSettings = {
				ALWAYS_SEARCH_USER_PATHS = NO;
				CLANG_ANALYZER_NONNULL = YES;
				CLANG_ANALYZER_NUMBER_OBJECT_CONVERSION = YES_AGGRESSIVE;
				CLANG_CXX_LANGUAGE_STANDARD = "gnu++20";
				CLANG_ENABLE_MODULES = YES;
				CLANG_ENABLE_OBJC_ARC = YES;
				CLANG_ENABLE_OBJC_WEAK = YES;
				CLANG_WARN_BLOCK_CAPTURE_AUTORELEASING = YES;
				CLANG_WARN_BOOL_CONVERSION = YES;
				CLANG_WARN_COMMA = YES;
				CLANG_WARN_CONSTANT_CONVERSION = YES;
				CLANG_WARN_DEPRECATED_OBJC_IMPLEMENTATIONS = YES;
				CLANG_WARN_DIRECT_OBJC_ISA_USAGE = YES_ERROR;
				CLANG_WARN_DOCUMENTATION_COMMENTS = YES;
				CLANG_WARN_EMPTY_BODY = YES;
				CLANG_WARN_ENUM_CONVERSION = YES;
				CLANG_WARN_INFINITE_RECURSION = YES;
				CLANG_WARN_INT_CONVERSION = YES;
				CLANG_WARN_NON_LITERAL_NULL_CONVERSION = YES;
				CLANG_WARN_OBJC_IMPLICIT_RETAIN_SELF = YES;
				CLANG_WARN_OBJC_LITERAL_CONVERSION = YES;
				CLANG_WARN_OBJC_ROOT_CLASS = YES_ERROR;
				CLANG_WARN_QUOTED_INCLUDE_IN_FRAMEWORK_HEADER = YES;
				CLANG_WARN_RANGE_LOOP_ANALYSIS = YES;
				CLANG_WARN_STRICT_PROTOTYPES = YES;
				CLANG_WARN_SUSPICIOUS_MOVE = YES;
				CLANG_WARN_UNGUARDED_AVAILABILITY = YES_AGGRESSIVE;
				CLANG_WARN_UNREACHABLE_CODE = YES;
				CLANG_WARN__DUPLICATE_METHOD_MATCH = YES;
				COPY_PHASE_STRIP = NO;
				DEBUG_INFORMATION_FORMAT = dwarf;
				ENABLE_STRICT_OBJC_MSGSEND = YES;
				ENABLE_TESTABILITY = YES;
				GCC_C_LANGUAGE_STANDARD = gnu11;
				GCC_DYNAMIC_NO_PIC = NO;
				GCC_NO_COMMON_BLOCKS = YES;
				GCC_OPTIMIZATION_LEVEL = 0;
				GCC_PREPROCESSOR_DEFINITIONS = (
					"DEBUG=1",
					"$(inherited)",
				);
				GCC_WARN_64_TO_32_BIT_CONVERSION = YES;
				GCC_WARN_ABOUT_RETURN_TYPE = YES_ERROR;
				GCC_WARN_UNDECLARED_SELECTOR = YES;
				GCC_WARN_UNINITIALIZED_AUTOS = YES_AGGRESSIVE;
				GCC_WARN_UNUSED_FUNCTION = YES;
				GCC_WARN_UNUSED_VARIABLE = YES;
				IPHONEOS_DEPLOYMENT_TARGET = 16.2;
				MTL_ENABLE_DEBUG_INFO = INCLUDE_SOURCE;
				MTL_FAST_MATH = YES;
				ONLY_ACTIVE_ARCH = YES;
				SDKROOT = iphoneos;
				SWIFT_ACTIVE_COMPILATION_CONDITIONS = DEBUG;
				SWIFT_OPTIMIZATION_LEVEL = "-Onone";
			};
			name = Debug;
		};
		DC86114529C8D0C20030442E /* Release */ = {
			isa = XCBuildConfiguration;
			buildSettings = {
				ALWAYS_SEARCH_USER_PATHS = NO;
				CLANG_ANALYZER_NONNULL = YES;
				CLANG_ANALYZER_NUMBER_OBJECT_CONVERSION = YES_AGGRESSIVE;
				CLANG_CXX_LANGUAGE_STANDARD = "gnu++20";
				CLANG_ENABLE_MODULES = YES;
				CLANG_ENABLE_OBJC_ARC = YES;
				CLANG_ENABLE_OBJC_WEAK = YES;
				CLANG_WARN_BLOCK_CAPTURE_AUTORELEASING = YES;
				CLANG_WARN_BOOL_CONVERSION = YES;
				CLANG_WARN_COMMA = YES;
				CLANG_WARN_CONSTANT_CONVERSION = YES;
				CLANG_WARN_DEPRECATED_OBJC_IMPLEMENTATIONS = YES;
				CLANG_WARN_DIRECT_OBJC_ISA_USAGE = YES_ERROR;
				CLANG_WARN_DOCUMENTATION_COMMENTS = YES;
				CLANG_WARN_EMPTY_BODY = YES;
				CLANG_WARN_ENUM_CONVERSION = YES;
				CLANG_WARN_INFINITE_RECURSION = YES;
				CLANG_WARN_INT_CONVERSION = YES;
				CLANG_WARN_NON_LITERAL_NULL_CONVERSION = YES;
				CLANG_WARN_OBJC_IMPLICIT_RETAIN_SELF = YES;
				CLANG_WARN_OBJC_LITERAL_CONVERSION = YES;
				CLANG_WARN_OBJC_ROOT_CLASS = YES_ERROR;
				CLANG_WARN_QUOTED_INCLUDE_IN_FRAMEWORK_HEADER = YES;
				CLANG_WARN_RANGE_LOOP_ANALYSIS = YES;
				CLANG_WARN_STRICT_PROTOTYPES = YES;
				CLANG_WARN_SUSPICIOUS_MOVE = YES;
				CLANG_WARN_UNGUARDED_AVAILABILITY = YES_AGGRESSIVE;
				CLANG_WARN_UNREACHABLE_CODE = YES;
				CLANG_WARN__DUPLICATE_METHOD_MATCH = YES;
				COPY_PHASE_STRIP = NO;
				DEBUG_INFORMATION_FORMAT = "dwarf-with-dsym";
				ENABLE_NS_ASSERTIONS = NO;
				ENABLE_STRICT_OBJC_MSGSEND = YES;
				GCC_C_LANGUAGE_STANDARD = gnu11;
				GCC_NO_COMMON_BLOCKS = YES;
				GCC_WARN_64_TO_32_BIT_CONVERSION = YES;
				GCC_WARN_ABOUT_RETURN_TYPE = YES_ERROR;
				GCC_WARN_UNDECLARED_SELECTOR = YES;
				GCC_WARN_UNINITIALIZED_AUTOS = YES_AGGRESSIVE;
				GCC_WARN_UNUSED_FUNCTION = YES;
				GCC_WARN_UNUSED_VARIABLE = YES;
				IPHONEOS_DEPLOYMENT_TARGET = 16.2;
				MTL_ENABLE_DEBUG_INFO = NO;
				MTL_FAST_MATH = YES;
				SDKROOT = iphoneos;
				SWIFT_COMPILATION_MODE = wholemodule;
				SWIFT_OPTIMIZATION_LEVEL = "-O";
				VALIDATE_PRODUCT = YES;
			};
			name = Release;
		};
		DC86114729C8D0C20030442E /* Debug */ = {
			isa = XCBuildConfiguration;
			baseConfigurationReference = AD34A6DAEB598302151676EB /* Pods-photoapp.debug.xcconfig */;
			buildSettings = {
				ASSETCATALOG_COMPILER_APPICON_NAME = AppIcon;
				ASSETCATALOG_COMPILER_GLOBAL_ACCENT_COLOR_NAME = AccentColor;
				CODE_SIGN_STYLE = Automatic;
				CURRENT_PROJECT_VERSION = 1;
				GENERATE_INFOPLIST_FILE = YES;
				INFOPLIST_FILE = photoapp/Info.plist;
				INFOPLIST_KEY_UIApplicationSupportsIndirectInputEvents = YES;
				INFOPLIST_KEY_UILaunchStoryboardName = LaunchScreen;
				INFOPLIST_KEY_UIMainStoryboardFile = Main;
				INFOPLIST_KEY_UISupportedInterfaceOrientations_iPad = "UIInterfaceOrientationPortrait UIInterfaceOrientationPortraitUpsideDown UIInterfaceOrientationLandscapeLeft UIInterfaceOrientationLandscapeRight";
				INFOPLIST_KEY_UISupportedInterfaceOrientations_iPhone = "UIInterfaceOrientationPortrait UIInterfaceOrientationLandscapeLeft UIInterfaceOrientationLandscapeRight";
				LD_RUNPATH_SEARCH_PATHS = (
					"$(inherited)",
					"@executable_path/Frameworks",
				);
				MARKETING_VERSION = 1.0;
				PRODUCT_BUNDLE_IDENTIFIER = com.taijaun.photoapp;
				PRODUCT_NAME = "$(TARGET_NAME)";
				SWIFT_EMIT_LOC_STRINGS = YES;
				SWIFT_VERSION = 5.0;
				TARGETED_DEVICE_FAMILY = "1,2";
			};
			name = Debug;
		};
		DC86114829C8D0C20030442E /* Release */ = {
			isa = XCBuildConfiguration;
			baseConfigurationReference = DC7144B97D161F7D97861C2E /* Pods-photoapp.release.xcconfig */;
			buildSettings = {
				ASSETCATALOG_COMPILER_APPICON_NAME = AppIcon;
				ASSETCATALOG_COMPILER_GLOBAL_ACCENT_COLOR_NAME = AccentColor;
				CODE_SIGN_STYLE = Automatic;
				CURRENT_PROJECT_VERSION = 1;
				GENERATE_INFOPLIST_FILE = YES;
				INFOPLIST_FILE = photoapp/Info.plist;
				INFOPLIST_KEY_UIApplicationSupportsIndirectInputEvents = YES;
				INFOPLIST_KEY_UILaunchStoryboardName = LaunchScreen;
				INFOPLIST_KEY_UIMainStoryboardFile = Main;
				INFOPLIST_KEY_UISupportedInterfaceOrientations_iPad = "UIInterfaceOrientationPortrait UIInterfaceOrientationPortraitUpsideDown UIInterfaceOrientationLandscapeLeft UIInterfaceOrientationLandscapeRight";
				INFOPLIST_KEY_UISupportedInterfaceOrientations_iPhone = "UIInterfaceOrientationPortrait UIInterfaceOrientationLandscapeLeft UIInterfaceOrientationLandscapeRight";
				LD_RUNPATH_SEARCH_PATHS = (
					"$(inherited)",
					"@executable_path/Frameworks",
				);
				MARKETING_VERSION = 1.0;
				PRODUCT_BUNDLE_IDENTIFIER = com.taijaun.photoapp;
				PRODUCT_NAME = "$(TARGET_NAME)";
				SWIFT_EMIT_LOC_STRINGS = YES;
				SWIFT_VERSION = 5.0;
				TARGETED_DEVICE_FAMILY = "1,2";
			};
			name = Release;
		};
/* End XCBuildConfiguration section */

/* Begin XCConfigurationList section */
		DC86112D29C8D0C10030442E /* Build configuration list for PBXProject "photoapp" */ = {
			isa = XCConfigurationList;
			buildConfigurations = (
				DC86114429C8D0C20030442E /* Debug */,
				DC86114529C8D0C20030442E /* Release */,
			);
			defaultConfigurationIsVisible = 0;
			defaultConfigurationName = Release;
		};
		DC86114629C8D0C20030442E /* Build configuration list for PBXNativeTarget "photoapp" */ = {
			isa = XCConfigurationList;
			buildConfigurations = (
				DC86114729C8D0C20030442E /* Debug */,
				DC86114829C8D0C20030442E /* Release */,
			);
			defaultConfigurationIsVisible = 0;
			defaultConfigurationName = Release;
		};
/* End XCConfigurationList section */
	};
	rootObject = DC86112A29C8D0C10030442E /* Project object */;
}
